
Microsoft Visual Studio Solution File, Format Version 12.00
# Visual Studio Version 16
VisualStudioVersion = 16.0.31112.23
MinimumVisualStudioVersion = 10.0.40219.1
Project("{FAE04EC0-301F-11D3-BF4B-00C04F79EFBC}") = "Ex04.Menus.Interfaces", "Ex04.Menus.Interfaces\Ex04.Menus.Interfaces.csproj", "{2B0C3C23-8155-48B3-8200-8DE71473BF19}"
EndProject
Project("{FAE04EC0-301F-11D3-BF4B-00C04F79EFBC}") = "Ex04.Menus.Delegates", "Ex04.Menus.Delegates\Ex04.Menus.Delegates.csproj", "{4738ADB6-2AB9-431C-8792-404C9B5FA6D4}"
EndProject
Project("{FAE04EC0-301F-11D3-BF4B-00C04F79EFBC}") = "Ex04.Menus.Test", "Ex04.Menus.Test\Ex04.Menus.Test.csproj", "{D2E28E0E-FE0F-4656-97ED-5DDB268A8307}"
EndProject
Global
	GlobalSection(SolutionConfigurationPlatforms) = preSolution
		Debug|Any CPU = Debug|Any CPU
		Release|Any CPU = Release|Any CPU
	EndGlobalSection
	GlobalSection(ProjectConfigurationPlatforms) = postSolution
		{2B0C3C23-8155-48B3-8200-8DE71473BF19}.Debug|Any CPU.ActiveCfg = Debug|Any CPU
		{2B0C3C23-8155-48B3-8200-8DE71473BF19}.Debug|Any CPU.Build.0 = Debug|Any CPU
		{2B0C3C23-8155-48B3-8200-8DE71473BF19}.Release|Any CPU.ActiveCfg = Release|Any CPU
		{2B0C3C23-8155-48B3-8200-8DE71473BF19}.Release|Any CPU.Build.0 = Release|Any CPU
		{4738ADB6-2AB9-431C-8792-404C9B5FA6D4}.Debug|Any CPU.ActiveCfg = Debug|Any CPU
		{4738ADB6-2AB9-431C-8792-404C9B5FA6D4}.Debug|Any CPU.Build.0 = Debug|Any CPU
		{4738ADB6-2AB9-431C-8792-404C9B5FA6D4}.Release|Any CPU.ActiveCfg = Release|Any CPU
		{4738ADB6-2AB9-431C-8792-404C9B5FA6D4}.Release|Any CPU.Build.0 = Release|Any CPU
		{D2E28E0E-FE0F-4656-97ED-5DDB268A8307}.Debug|Any CPU.ActiveCfg = Debug|Any CPU
		{D2E28E0E-FE0F-4656-97ED-5DDB268A8307}.Debug|Any CPU.Build.0 = Debug|Any CPU
		{D2E28E0E-FE0F-4656-97ED-5DDB268A8307}.Release|Any CPU.ActiveCfg = Release|Any CPU
		{D2E28E0E-FE0F-4656-97ED-5DDB268A8307}.Release|Any CPU.Build.0 = Release|Any CPU
	EndGlobalSection
	GlobalSection(SolutionProperties) = preSolution
		HideSolutionNode = FALSE
	EndGlobalSection
	GlobalSection(ExtensibilityGlobals) = postSolution
		SolutionGuid = {BB058BA0-4720-4B1D-AD88-71007263C38B}
	EndGlobalSection
EndGlobal
